{
	"name": "fuller-src-file",
	"version": "0.3.1",
	"lockfileVersion": 1,
	"requires": true,
	"dependencies": {
		"fuller-material-file": {
			"version": "0.3.0",
			"requires": {
				"fsu": "1.0.3"
			},
			"dependencies": {
				"fsu": {
					"version": "1.0.3",
					"bundled": true
				}
			}
		}
	}
}
